{
  "name": "academic-homepage",
  "version": "1.0.0",
  "lockfileVersion": 3,
  "requires": true,
  "packages": {
    "": {
      "name": "academic-homepage",
      "version": "1.0.0",
      "dependencies": {
        "@fontsource-variable/noto-serif-sc": "^5.3.0",
        "react": "^19.0.0",
        "react-dom": "^19.0.0"
      },
      "devDependencies": {
        "@testing-library/jest-dom": "^6.6.3",
        "@testing-library/react": "^16.1.0",
        "@testing-library/user-event": "^14.5.2",
        "@types/react": "^19.0.0",
        "@types/react-dom": "^19.0.0",
        "@vitejs/plugin-react": "^4.3.4",
        "jsdom": "^25.0.1",
        "typescript": "^5.7.2",
        "vite": "^6.0.5",
        "vitest": "^3.2.4"
      }
    },
    "node_modules/@adobe/css-tools": {
      "version": "4.5.0",
      "resolved": "https://registry.npmmirror.com/@adobe/css-tools/-/css-tools-4.5.0.tgz",
      "integrity": "sha512-6OzddxPio9UiWTCemp4N8cYLV2ZN1ncRnV1cVGtve7dhPOtRkleRyx32GQCYSwDYgaHU3USMm84tNsvKzRCa1Q==",
      "dev": true,
      "license": "MIT"
    },
    "node_modules/@asamuzakjp/css-color": {
      "version": "3.2.0",
      "resolved": "https://registry.npmmirror.com/@asamuzakjp/css-color/-/css-color-3.2.0.tgz",
      "integrity": "sha512-K1A6z8tS3XsmCMM86xoWdn7Fkdn9m6RSVtocUrJYIwZnFVkng/PvkEoWtOWmP+Scc6saYWHWZYbndEEXxl24jw==",
      "dev": true,
      "license": "MIT",
      "dependencies": {
        "@csstools/css-calc": "^2.1.3",
        "@csstools/css-color-parser": "^3.0.9",
        "@csstools/css-parser-algorithms": "^3.0.4",
        "@csstools/css-tokenizer": "^3.0.3",
        "lru-cache": "^10.4.3"
      }
    },
    "node_modules/@asamuzakjp/css-color/node_modules/lru-cache": {
      "version": "10.4.3",
      "resolved": "https://registry.npmmirror.com/lru-cache/-/lru-cache-10.4.3.tgz",
      "integrity": "sha512-JNAzZcXrCt42VGLuYz0zfAzDfAvJWW6AfYlDBQyDV5DClI2m5sAmK+OIO7s59XfsRsWHp02jAJrRadPRGTt6SQ==",
      "dev": true,
      "license": "ISC"
    },
    "node_modules/@babel/code-frame": {
      "version": "7.29.7",
      "resolved": "https://registry.npmmirror.com/@babel/code-frame/-/code-frame-7.29.7.tgz",
      "integrity": "sha512-Aup7aUOfpbAUg2ROOJN6Iw5f9DMBlzu0mIkm/malLQFN/YQgO48wCj0Kxa3sEHJvPVFg7siR+qRInwXd2qhQKw==",
      "dev": true,
      "license": "MIT",
      "dependencies": {
        "@babel/helper-validator-identifier": "^7.29.7",
        "js-tokens": "^4.0.0",
        "picocolors": "^1.1.1"
      },
      "engines": {
        "node": ">=6.9.0"
      }
    },
    "node_modules/@babel/compat-data": {
      "version": "7.29.7",
      "resolved": "https://registry.npmmirror.com/@babel/compat-data/-/compat-data-7.29.7.tgz",
      "integrity": "sha512-locTkQyKvwIEgBzVrn8693ebc97F2U8ZHjbXwDXJ5Fn2TCpNwTlKcaKLkdHop5c/icOFE7qt7Q9JC5hnKNa6Gg==",
      "dev": true,
      "license": "MIT",
      "engines": {
        "node": ">=6.9.0"
      }
    },
    "node_modules/@babel/core": {
      "version": "7.29.7",
      "resolved": "https://registry.npmmirror.com/@babel/core/-/core-7.29.7.tgz",
      "integrity": "sha512-RgHBCvtjbOK2gXSNBNIkNoEc9qoVEtau3hj8gEqKQuL3HZAibKarWFEI3Lfm6EYKkLalOh8eSrj9b+ch9H/VBA==",
      "dev": true,
      "license": "MIT",
      "dependencies": {
        "@babel/code-frame": "^7.29.7",
        "@babel/generator": "^7.29.7",
        "@babel/helper-compilation-targets": "^7.29.7",
        "@babel/helper-module-transforms": "^7.29.7",
        "@babel/helpers": "^7.29.7",
        "@babel/parser": "^7.29.7",
        "@babel/template": "^7.29.7",
        "@babel/traverse": "^7.29.7",
        "@babel/types": "^7.29.7",
        "@jridgewell/remapping": "^2.3.5",
        "convert-source-map": "^2.0.0",
        "debug": "^4.1.0",
        "gensync": "^1.0.0-beta.2",
        "json5": "^2.2.3",
        "semver": "^6.3.1"
      },
      "engines": {
        "node": ">=6.9.0"
      },
      "funding": {
        "type": "opencollective",
        "url": "https://opencollective.com/babel"
      }
    },
    "node_modules/@babel/generator": {
      "version": "7.29.8",
      "resolved": "https://registry.npmmirror.com/@babel/generator/-/generator-7.29.8.tgz",
      "integrity": "sha512-gZbepsdh3WDtgZKWL+vTPh71LSBrm/Y4/QDZBVCcYfmeTEEuoOYwlSy+G1StfJg+/Zy550u/3TATbm7qDbbMtg==",
      "dev": true,
      "license": "MIT",
      "dependencies": {
        "@babel/parser": "^7.29.8",
        "@babel/types": "^7.29.8",
        "@jridgewell/gen-mapping": "^0.3.12",
        "@jridgewell/trace-mapping": "^0.3.28",
        "jsesc": "^3.0.2"
      },
      "engines": {
        "node": ">=6.9.0"
      }
    },
    "node_modules/@babel/helper-compilation-targets": {
      "version": "7.29.7",
      "resolved": "https://registry.npmmirror.com/@babel/helper-compilation-targets/-/helper-compilation-targets-7.29.7.tgz",
      "integrity": "sha512-wem6WaBj4NaVYVdNhLPPVacES6ZJ+KBBfSkTMD3YZxbP3rm3Di85tJU5ljaUNhaOynt+Aj0xruhYuzQBt8n71g==",
      "dev": true,
      "license": "MIT",
      "dependencies": {
        "@babel/compat-data": "^7.29.7",
        "@babel/helper-validator-option": "^7.29.7",
        "browserslist": "^4.24.0",
        "lru-cache": "^5.1.1",
        "semver": "^6.3.1"
      },
      "engines": {
        "node": ">=6.9.0"
      }
    },
    "node_modules/@babel/helper-globals": {
      "version": "7.29.7",
      "resolved": "https://registry.npmmirror.com/@babel/helper-globals/-/helper-globals-7.29.7.tgz",
      "integrity": "sha512-3nQVUAtvkKH9zahfWgw96Jc/uFOmjACE1kQz82E2lqWmHBgjzbNlsC22nuQTfahmWeQtTq5nQ/4Nnd2A1wj4zA==",
      "dev": true,
      "license": "MIT",
      "engines": {
        "node": ">=6.9.0"
      }
    },
    "node_modules/@babel/helper-module-imports": {
      "version": "7.29.7",
      "resolved": "https://registry.npmmirror.com/@babel/helper-module-imports/-/helper-module-imports-7.29.7.tgz",
      "integrity": "sha512-ejHwrQQYcm9xnTivShn2IDOlIzInN34AXskvq9QicvCtEzq1Vzclu/tKF8Jq1Cg8JG2GL6/EmjgsCT7lXepE3g==",
      "dev": true,
      "license": "MIT",
      "dependencies": {
        "@babel/traverse": "^7.29.7",
        "@babel/types": "^7.29.7"
      },
      "engines": {
        "node": ">=6.9.0"
      }
    },
    "node_modules/@babel/helper-module-transforms": {
      "version": "7.29.7",
      "resolved": "https://registry.npmmirror.com/@babel/helper-module-transforms/-/helper-module-transforms-7.29.7.tgz",
      "integrity": "sha512-UPUVSyXbOh627KiCIGQSgwWzGeBKLkaJ9PJEdrngIwMSzxLR4jS4+f1f1jb7VzBbg8nFLaYotvVPFCTqdrmTAg==",
      "dev": true,
      "license": "MIT",
      "dependencies": {
        "@babel/helper-module-imports": "^7.29.7",
        "@babel/helper-validator-identifier": "^7.29.7",
        "@babel/traverse": "^7.29.7"
      },
      "engines": {
        "node": ">=6.9.0"
      },
      "peerDependencies": {
        "@babel/core": "^7.0.0"
      }
    },
    "node_modules/@babel/helper-plugin-utils": {
      "version": "7.29.7",
      "resolved": "https://registry.npmmirror.com/@babel/helper-plugin-utils/-/helper-plugin-utils-7.29.7.tgz",
      "integrity": "sha512-G7sHYigPY17oO5SYWnfD/0MTBwVR781S/JI643e/JhUYgVgWE/61SoW3NH9KWUKyKq5LVh3npif99Wkt6j86Jw==",
      "dev": true,
      "license": "MIT",
      "engines": {
        "node": ">=6.9.0"
      }
    },
    "node_modules/@babel/helper-string-parser": {
      "version": "7.29.7",
      "resolved": "https://registry.npmmirror.com/@babel/helper-string-parser/-/helper-string-parser-7.29.7.tgz",
      "integrity": "sha512-Pb5ijPrZ89GDH8223L4UP8i6QApWxs04RbPQJTeWDV0/keR2E36MeKnyr6LYmUUvqRRI+Iv87SuF1W6ErINzYw==",
      "dev": true,
      "license": "MIT",
      "engines": {
        "node": ">=6.9.0"
      }
    },
    "node_modules/@babel/helper-validator-identifier": {
      "version": "7.29.7",
      "resolved": "https://registry.npmmirror.com/@babel/helper-validator-identifier/-/helper-validator-identifier-7.29.7.tgz",
      "integrity": "sha512-qehxGkRj55h/ff8EMaJ+cYhyaKlHIxqYDn682wQD7RNp9UujOQsHog2uS0r2vzr4pW+sXf90NeeayjcNaX3fFg==",
      "dev": true,
      "license": "MIT",
      "engines": {
        "node": ">=6.9.0"
      }
    },
    "node_modules/@babel/helper-validator-option": {
      "version": "7.29.7",
      "resolved": "https://registry.npmmirror.com/@babel/helper-validator-option/-/helper-validator-option-7.29.7.tgz",
      "integrity": "sha512-N9ZErrD+yW5geCDtBqnOoxmR8+tNKiGuxKlDpuJxfsqpa2dFcexaziGAE/qoHLiDDreVNMupxGmSoNlyvsA3gw==",
      "dev": true,
      "license": "MIT",
      "engines": {
        "node": ">=6.9.0"
      }
    },
    "node_modules/@babel/helpers": {
      "version": "7.29.7",
      "resolved": "https://registry.npmmirror.com/@babel/helpers/-/helpers-7.29.7.tgz",
      "integrity": "sha512-1k2lAGRMfHTcwuNYcCNUmaUffmQv8KWMfh2iJUUeRlwlwH4FdNG7mfPI10NPfLHJFThE4Tyr4mv7kTNZOiPuBg==",
      "dev": true,
      "license": "MIT",
      "dependencies": {
        "@babel/template": "^7.29.7",
        "@babel/types": "^7.29.7"
      },
      "engines": {
        "node": ">=6.9.0"
      }
    },
    "node_modules/@babel/parser": {
      "version": "7.29.8",
      "resolved": "https://registry.npmmirror.com/@babel/parser/-/parser-7.29.8.tgz",
      "integrity": "sha512-E8lTAYNB1KW+FH+VGJuZM1ioAx2E6oVlvQFRrf5P8ZZmsiJXYAD9vTFV7yyEURNzgh1dFqMZuO6tUwcARbqFCA==",
      "dev": true,
      "license": "MIT",
      "dependencies": {
        "@babel/types": "^7.29.8"
      },
      "bin": {
        "parser": "bin/babel-parser.js"
      },
      "engines": {
        "node": ">=6.0.0"
      }
    },
    "node_modules/@babel/plugin-transform-react-jsx-self": {
      "version": "7.29.7",
      "resolved": "https://registry.npmmirror.com/@babel/plugin-transform-react-jsx-self/-/plugin-transform-react-jsx-self-7.29.7.tgz",
      "integrity": "sha512-TL0hMc9xzy86VD31nUiwzd5otRAcyEPcsegCxolO0PvcXuH1v0kECe/UIznYFihpkvU5wg/jk4v0TTEFfm53fw==",
      "dev": true,
      "license": "MIT",
      "dependencies": {
        "@babel/helper-plugin-utils": "^7.29.7"
      },
      "engines": {
        "node": ">=6.9.0"
      },
      "peerDependencies": {
        "@babel/core": "^7.0.0-0"
      }
    },
    "node_modules/@babel/plugin-transform-react-jsx-source": {
      "version": "7.29.7",
      "resolved": "https://registry.npmmirror.com/@babel/plugin-transform-react-jsx-source/-/plugin-transform-react-jsx-source-7.29.7.tgz",
      "integrity": "sha512-06IyK09H3wi4cGbhDBwp5gUGo0IKtnYa8tyTiephirPCK6fbobVGiXMMI5zLQ4aKEYP3wZ3ArU44o+8KMrSG/Q==",
      "dev": true,
      "license": "MIT",
      "dependencies": {
        "@babel/helper-plugin-utils": "^7.29.7"
      },
      "engines": {
        "node": ">=6.9.0"
      },
      "peerDependencies": {
        "@babel/core": "^7.0.0-0"
      }
    },
    "node_modules/@babel/runtime": {
      "version": "7.29.7",
      "resolved": "https://registry.npmmirror.com/@babel/runtime/-/runtime-7.29.7.tgz",
      "integrity": "sha512-Nq8OhGWiZIZGV6hLHoyAKLLcJihP/xFeBMGJoUrxTX2psI8dCifzLhZISFb+VWS3wFMRDmCGw5R+dOySCqPLhw==",
      "dev": true,
      "license": "MIT",
      "engines": {
        "node": ">=6.9.0"
      }
    },
    "node_modules/@babel/template": {
      "version": "7.29.7",
      "resolved": "https://registry.npmmirror.com/@babel/template/-/template-7.29.7.tgz",
      "integrity": "sha512-puq+Gf35oI24FeN11LkoUQFqv9uwNeWpxXZi/Ji3rRIoKAzKnxRaZ+Gkj0vKS9ZCiTESfng1N9LyOyXvo+m+Gg==",
      "dev": true,
      "license": "MIT",
      "dependencies": {
        "@babel/code-frame": "^7.29.7",
        "@babel/parser": "^7.29.7",
        "@babel/types": "^7.29.7"
      },
      "engines": {
        "node": ">=6.9.0"
      }
    },
    "node_modules/@babel/traverse": {
      "version": "7.29.8",
      "resolved": "https://registry.npmmirror.com/@babel/traverse/-/traverse-7.29.8.tgz",
      "integrity": "sha512-I5z7H3bf/41ktsNVLtpN0wAa336HkqIHQ5BuPLEhTkt1jVSyZpeNKIzTgEWmlxjdg81R0IgUCcaE+Ok3NvrfZg==",
      "dev": true,
      "license": "MIT",
      "dependencies": {
        "@babel/code-frame": "^7.29.7",
        "@babel/generator": "^7.29.8",
        "@babel/helper-globals": "^7.29.7",
        "@babel/parser": "^7.29.8",
        "@babel/template": "^7.29.7",
        "@babel/types": "^7.29.8",
        "debug": "^4.3.1"
      },
      "engines": {
        "node": ">=6.9.0"
      }
    },
    "node_modules/@babel/types": {
      "version": "7.29.8",
      "resolved": "https://registry.npmmirror.com/@babel/types/-/types-7.29.8.tgz",
      "integrity": "sha512-Vj1jF3cPfxg7OAfoI7QnVKLoILlm2JF9pnVHrX8qx7AHMiYWT+NDAA7jChlNgRS4WTLc/fD1lXLmPixluj+3Gg==",
      "dev": true,
      "license": "MIT",
      "dependencies": {
        "@babel/helper-string-parser": "^7.29.7",
        "@babel/helper-validator-identifier": "^7.29.7"
      },
      "engines": {
        "node": ">=6.9.0"
      }
    },
    "node_modules/@csstools/color-helpers": {
      "version": "5.1.0",
      "resolved": "https://registry.npmmirror.com/@csstools/color-helpers/-/color-helpers-5.1.0.tgz",
      "integrity": "sha512-S11EXWJyy0Mz5SYvRmY8nJYTFFd1LCNV+7cXyAgQtOOuzb4EsgfqDufL+9esx72/eLhsRdGZwaldu/h+E4t4BA==",
      "dev": true,
      "funding": [
        {
          "type": "github",
          "url": "https://github.com/sponsors/csstools"
        },
        {
          "type": "opencollective",
          "url": "https://opencollective.com/csstools"
        }
      ],
      "license": "MIT-0",
      "engines": {
        "node": ">=18"
      }
    },
    "node_modules/@csstools/css-calc": {
      "version": "2.1.4",
      "resolved": "https://registry.npmmirror.com/@csstools/css-calc/-/css-calc-2.1.4.tgz",
      "integrity": "sha512-3N8oaj+0juUw/1H3YwmDDJXCgTB1gKU6Hc/bB502u9zR0q2vd786XJH9QfrKIEgFlZmhZiq6epXl4rHqhzsIgQ==",
      "dev": true,
      "funding": [
        {
          "type": "github",
          "url": "https://github.com/sponsors/csstools"
        },
        {
          "type": "opencollective",
          "url": "https://opencollective.com/csstools"
        }
      ],
      "license": "MIT",
      "engines": {
        "node": ">=18"
      },
      "peerDependencies": {
        "@csstools/css-parser-algorithms": "^3.0.5",
        "@csstools/css-tokenizer": "^3.0.4"
      }
    },
    "node_modules/@csstools/css-color-parser": {
      "version": "3.1.0",
      "resolved": "https://registry.npmmirror.com/@csstools/css-color-parser/-/css-color-parser-3.1.0.tgz",
      "integrity": "sha512-nbtKwh3a6xNVIp/VRuXV64yTKnb1IjTAEEh3irzS+HkKjAOYLTGNb9pmVNntZ8iVBHcWDA2Dof0QtPgFI1BaTA==",
      "dev": true,
      "funding": [
        {
          "type": "github",
          "url": "https://gith~<ï~­¢G§²ÚîÆ­yØ¹É•Ù•…°µ‘•±…äì4(€…¹¥µ…Ñ¥½¸µ‘•±…äè€ÜÁµÌì4)ô4(4)­•å™É…µ•ÌÉ•Ù•…°ì4(€™É½´ì4(€€€½Á…¥Ñäè€Àì4(€€€ÑÉ…¹Í™½É´èÑÉ…¹Í±…Ñ•d ÄÁÁà¤ì4(€ô4(€Ñ¼ì4(€€€½Á…¥Ñäè€Äì4(€€€ÑÉ…¹Í™½É´è¹½¹”ì4(€ô4)ô4(4)­•å™É…µ•Ì‘•Ñ…¥±Ìµ¥¸ì4(€™É½´ì4(€€€½Á…¥Ñäè€Àì4(€€€ÑÉ…¹Í™½É´èÑÉ…¹Í±…Ñ•d ÙÁà¤ì4(€ô4(€Ñ¼ì4(€€€½Á…¥Ñäè€Äì4(€€€ÑÉ…¹Í™½É´è¹½¹”ì4(€ô4)ô4(4)­•å™É…µ•ÌÍ•ÑÑ¥¹Ìµ¥¸ì4(€™É½´ì4(€€€½Á…¥Ñäè€Àì4(€€€ÑÉ…¹Í™½É´èÑÉ…¹Í±…Ñ•d ´ÑÁà¤ì4(€ô4(€Ñ¼ì4(€€€½Á…¥Ñäè€Äì4(€€€ÑÉ…¹Í™½É´è¹½¹”ì4(€ô4)ô4(4)µ•‘¥„€¡ÁÉ•™•ÉÌµ½±½ÈµÍ¡•µ”è‘…É¬¤ì4(€¡Ñµ±m‘…Ñ„µ…ÁÁ•…É…¹”ô‰…ÕÑ¼‰tì4(€€€½±½ÈµÍ¡•µ”è‘…É¬ì4(€€€€´µÁ…Á•Èè€ŒÄØÅˆÅ”ì4(€€€€´µÍÕÉ™…”è€ŒÅ”ÈÔÈäì4(€€€€´µÍÕÉ™…”µÉ…¥Í•è€ŒÈÀÈàÉŒì4(€€€€´µ¥¹¬è€”Ñ”å•ˆì4(€€€€´µµÕÑ•è€„áˆÍˆàì4(€€€€´µ±¥¹”è€ŒÌÈÍÐÈì4(€€€€´µ±¥¹”µÍÑÉ½¹œè€ŒÑŒÕ„ØÄì4(€€€€´µ¹…ÙäèÙ…È ´µ…•¹Ðµ±¥¡Ð¤ì4(€€€€´µ±¥¹¬èÙ…È ´µ…•¹Ðµ±¥¡Ñ•È¤ì4(€€€€´µ…•¹ÐèÙ…È ´µ…•¹Ðµ±¥¡Ð¤ì4(€€€€´µÍ•±•Ñ¥½¸è½±½Èµµ¥à¡¥¸ÍÉˆ°Ù…È ´µ…•¹Ðµµ…¥¸¤€Ôà”°Ù…È ´µÁ…Á•È¤¤ì4(€€€€´µ¡•…‘•Èµ‰œèÉˆ ÈÈ€ÈÜ€ÌÀ€¼€À¸äÐ¤ì4(€€€€´µ¡½Ù•ÈµÑ¥¹Ðè½±½Èµµ¥à¡¥¸ÍÉˆ°Ù…È ´µ…•¹Ðµ±¥¡Ð¤€Ü”°ÑÉ…¹ÍÁ…É•¹Ð¤ì4(€€€€´µÁ…¹•°µÍ¡…‘½Üè€À€ÈÉÁà€ÔÑÁàÉˆ Ð€ä€ÄÄ€¼€À¸ÐÐ¤ì4(€ô4)ô4(4)µ•‘¥„€¡µ…àµÝ¥‘Ñ è€ÜØáÁà¤ì4(€€¹Í¥Ñ”µ¡•…‘•Èµ¥¹¹•È°4(€€¹Í¥Ñ”µµ…¥¸°4(€€¹Í¥Ñ”µ™½½Ñ•Èì4(€€€Ý¥‘Ñ èµ¥¸¡…±Œ ÄÀÀ”€´€ÐÁÁà¤°Ù…È ´µÁ…”µÝ¥‘Ñ ¤¤ì4(€ô4(4(€€¹Í¥Ñ”µ¡•…‘•Èµ¥¹¹•Èì4(€€€…Àè€ÄáÁàì4(€ô4(4(€€¹Í¥Ñ”µ¡•…‘•È¹…ØÕ°ì4(€€€…Àè€ÄÁÁàì4(€ô4(4(€€¹Í¥Ñ”µ¡•…‘•È¹…Ø„ì4(€€€™½¹ÐµÍ¥é”è€À¸ØàÜÕÉ•´ì4(€ô4(4(€€¹Á…”µÉ¥ì4(€€€É¥µÑ•µÁ±…Ñ”µ½±Õµ¹Ìè€ÄÔÁÁàµ¥¹µ…à À°€Å™È¤ì4(€€€…Àè€ÌÙÁàì4(€ô4(4(€€¹Í¥Ñ”µ™½½Ñ•Èì4(€€€Á…‘‘¥¹œµ±•™Ðè€ÄàÙÁàì4(€ô4)ô4(4)µ•‘¥„€¡µ…àµÝ¥‘Ñ è€ØÐÁÁà¤ì4(€¡Ñµ°ì4(€€€ÍÉ½±°µÁ…‘‘¥¹œµÑ½Àè€ÜÙÁàì4(€ô4(4(€€¹Í¥Ñ”µ¡•…‘•È°4(€€¹Í¥Ñ”µ¡•…‘•Èµ¥¹¹•Èì4(€€€µ¥¸µ¡•¥¡Ðè€ØÁÁàì4(€ô4(4(€€¹Í¥Ñ”µ¡•…‘•Èµ¥¹¹•È°4(€€¹Í¥Ñ”µµ…¥¸°4(€€¹Í¥Ñ”µ™½½Ñ•Èì4(€€€Ý¥‘Ñ è…±Œ ÄÀÀ”€´€ÌÙÁà¤ì4(€ô4(4(€€¹Í¥Ñ”µ¡•…‘•Èµ¥¹¹•Èì4(€€€Á½Í¥Ñ¥½¸èÉ•±…Ñ¥Ù”ì4(€€€É¥µÑ•µÁ±…Ñ”µ½±Õµ¹Ìè…ÕÑ¼µ¥¹µ…à À°€Å™È¤…ÕÑ¼ì4(€€€…Àè€ÄÉÁàì4(€ô4(4(€€¹Í¥Ñ”µ¡•…‘•È¹…Øì4(€€€Á½Í¥Ñ¥½¸èÍÑ…Ñ¥Œì4(€€€©ÕÍÑ¥™äµÍ•±˜è•¹ì4(€ô4(4(€€¹µ•¹ÔµÑ½±”ì4(€€€‘¥ÍÁ±…äè¥¹±¥¹”µ‰±½¬ì4(€€€™½¹ÐµÍ¥é”è€À¸ÜÕÉ•´ì4(€ô4(4(€€¹Í¥Ñ”µ¡•…‘•È¹…ØÕ°ì4(€€€Á½Í¥Ñ¥½¸è…‰Í½±ÕÑ”ì4(€€€Ñ½Àè…±Œ ÄÀÀ”€¬€ÅÁà¤ì4(€€€É¥¡Ðè€´ÄáÁàì4(€€€±•™Ðè€´ÄáÁàì4(€€€‘¥ÍÁ±…äè¹½¹”ì4(€€€…±¥¸µ¥Ñ•µÌèÍÑÉ•Ñ ì4(€€€…Àè€Àì4(€€€Á…‘‘¥¹œè€áÁà€ÄáÁà€ÄÉÁàì4(€€€‰½É‘•Èµ‰½ÑÑ½´è€ÅÁàÍ½±¥Ù…È ´µ±¥¹”µÍÑÉ½¹œ¤ì4(€€€‰…­É½Õ¹èÙ…È ´µÁ…Á•È¤ì4(€€€‰½àµÍ¡…‘½Üè€À€ÄÑÁà€ÈáÁàÉˆ ÈÌ€Ôä€àÌ€¼€À¸Àà¤ì4(€ô4(4(€€¹Í¥Ñ”µ¡•…‘•È¹…ØÕ±m‘…Ñ„µ½Á•¸ô‰ÑÉÕ”‰tì4(€€€‘¥ÍÁ±…äèÉ¥ì4(€ô4(4(€€¹Í¥Ñ”µ¡•…‘•È¹…Ø„ì4(€€€Á…‘‘¥¹œè€åÁà€Àì4(€€€™½¹ÐµÍ¥é”è€À¸àÄÈÕÉ•´ì4(€ô4(4(€€¹Í¥Ñ”µ¡•…‘•È¹…Ø„èé…™Ñ•Èì4(€€€É¥¡Ðè…ÕÑ¼ì4(€€€Ý¥‘Ñ è€ÌÉÁàì4(€ô4(4(€€¹±½…±”µÍÝ¥Ñ ì4(€€€…Àè€Àì4(€€€Á…‘‘¥¹œµ±•™Ðè€Àì4(€€€‰½É‘•Èµ±•™Ðè€Àì4(€ô4(4(€€¹±½…±”µÍÝ¥Ñ ‰ÕÑÑ½¸ì4(€€€Á…‘‘¥¹œè€ÑÁàì4(€€€™½¹ÐµÍ¥é”è€À¸ØÈÕÉ•´ì4(€ô4(4(€€¹Í¥Ñ”µµ…¥¸ì4(€€€Á…‘‘¥¹œµÑ½Àè€ÌáÁàì4(€ô4(4(€€¹Á…”µÉ¥ì4(€€€É¥µÑ•µÁ±…Ñ”µ½±Õµ¹Ìèµ¥¹µ…à À°€Å™È¤ì4(€€€…Àè€ÐÉÁàì4(€ô4(4(€€¹ÁÉ½™¥±”µ…Í¥‘”ì4(€€€Á½Í¥Ñ¥½¸èÍÑ…Ñ¥Œì4(€€€‘¥ÍÁ±…äèÉ¥ì4(€€€É¥µÑ•µÁ±…Ñ”µ½±Õµ¹Ìè€ÄÀÑÁàµ¥¹µ…à À°€Å™È¤ì4(€€€…Àè€À€ÄáÁàì4(€€€…±¥¸µ¥Ñ•µÌèÍÑ…ÉÐì4(€ô4(4(€€¹ÁÉ½™¥±”µÁ½ÉÑÉ…¥Ðì4(€€€É¥µÉ½Üè€Ä€¼€Ìì4(€ô4(4(€€¹ÁÉ½™¥±”µ¥‘•¹Ñ¥Ñäì4(€€€µ…É¥¸µÑ½Àè€Àì4(€ô4(4(€€¹ÁÉ½™¥±”µ¥‘•¹Ñ¥Ñä Äì4(€€€™½¹ÐµÍ¥é”è€Ä¸ØàÜÕÉ•´ì4(€ô4(4(€€¹ÁÉ½™¥±”µ¥‘•¹Ñ¥ÑäÀì4(€€€µ…É¥¸µÑ½Àè€ÝÁàì4(€€€™½¹ÐµÍ¥é”è€À¸ÜÕÉ•´ì4(€ô4(4(€€¹ÁÉ½™¥±”µ½¹Ñ…Ðì4(€€€É¥µ½±Õµ¸è€Èì4(€€€µ…É¥¸µÑ½Àè€ÄÑÁàì4(€€€Á…‘‘¥¹œµÑ½Àè€ÄÉÁàì4(€ô4(4(€€¹½¹Ñ•¹ÐµÍ•Ñ¥½¸ì4(€€€ÍÉ½±°µµ…É¥¸µÑ½Àè€ÜáÁàì4(€€€Á…‘‘¥¹œè€ÐÁÁà€À€ÐáÁàì4(€ô4(4(€€¹½¹Ñ•¹ÐµÍ•Ñ¥½¸ Èì4(€€€µ…É¥¸µ‰½ÑÑ½´è€ÈÅÁàì4(€ô4(4(€€¹É•Í•…É µ±¥ÍÐì4(€€€É¥µÑ•µÁ±…Ñ”µ½±Õµ¹Ìèµ¥¹µ…à À°€Å™È¤ì4(€ô4(4(€€¹É•Í•…É µ±¥ÍÐ±¤°4(€€¹É•Í•…É µ±¥ÍÐ±¤é¹Ñ µ¡¥±¡•Ù•¸¤ì4(€€€Á…‘‘¥¹œè€ÄÙÁà€À€ÄáÁàì4(€€€‰½É‘•Èµ±•™Ðè€Àì4(€ô4(4(€€¹ÁÉ½©•Ðµ¥Ñ•´é¡½Ù•Èì4(€€€ÑÉ…¹Í™½É´è¹½¹”ì4(€ô4(4(€€¹ÁÉ½©•Ðµ¡•…‘¥¹œ°4(€€¹•‘Õ…Ñ¥½¸µ¡•…‘¥¹œì4(€€€É¥µÑ•µÁ±…Ñ”µ½±Õµ¹Ìèµ¥¹µ…à À°€Å™È¤ì4(€€€…Àè€ÑÁàì4(€ô4(4(€€¹ÁÉ½©•Ðµ‘•Ñ…¥±Ìì4(€€€É¥µÑ•µÁ±…Ñ”µ½±Õµ¹Ìèµ¥¹µ…à À°€Å™È¤ì4(€€€…Àè€ÄÑÁàì4(€ô4(4(€€¹Í­¥±±Ìµ±¥ÍÐì4(€€€É¥µÑ•µÁ±…Ñ”µ½±Õµ¹Ìèµ¥¹µ…à À°€Å™È¤ì4(€€€…Àè€ÄáÁàì4(€ô4(4(€€¹Í¥Ñ”µ™½½Ñ•Èì4(€€€Á…‘‘¥¹œè€ÌÁÁà€À€ÐÁÁàì4(€€€ÍÉ½±°µµ…É¥¸µÑ½Àè€ÜáÁàì4(€ô4(4(€€¹Í¥Ñ”µ™½½Ñ•È…‘‘É•ÍÌì4(€€€‘¥ÍÁ±…äèÉ¥ì4(€€€…Àè€ÕÁàì4(€ô4)ô4(4)µ•‘¥„€¡ÁÉ•™•ÉÌµÉ•‘Õ•µµ½Ñ¥½¸èÉ•‘Õ”¤ì4(€€¨°4(€€¨èé‰•™½É”°4(€€¨èé…™Ñ•Èì4(€€€ÍÉ½±°µ‰•¡…Ù¥½Èè…ÕÑ¼€…¥µÁ½ÉÑ…¹Ðì4(€€€…¹¥µ…Ñ¥½¸µ‘ÕÉ…Ñ¥½¸è€À¸ÀÅµÌ€…¥µÁ½ÉÑ…¹Ðì4(€€€…¹¥µ…Ñ¥½¸µ‘•±…äè€ÁµÌ€…¥µÁ½ÉÑ…¹Ðì4(€€€ÑÉ…¹Í¥Ñ¥½¸µ‘ÕÉ…Ñ¥½¸è€À¸ÀÅµÌ€…¥µÁ½ÉÑ…¹Ðì4(€ô4)ô4(4)µ•‘¥„ÁÉ¥¹Ðì4(€€¹Í¥Ñ”µ¡•…‘•Èì4(€€€‘¥ÍÁ±…äè¹½¹”ì4(€ô4(4(€€¹Í¥Ñ”µµ…¥¸°4(€€¹Í¥Ñ”µ™½½Ñ•Èì4(€€€Ý¥‘Ñ è€ÄÀÀ”ì4(€ô4(4(€€¹Í¥Ñ”µµ…¥¸ì4(€€€Á…‘‘¥¹œµÑ½Àè€Àì4(€ô4(4(€€¹ÁÉ½™¥±”µ…Í¥‘”ì4(€€€Á½Í¥Ñ¥½¸èÍÑ…Ñ¥Œì4(€ô4)ô4